
Microsoft Visual Studio Solution File, Format Version 12.00
# Visual Studio Version 17
VisualStudioVersion = 17.7.34009.444
MinimumVisualStudioVersion = 10.0.40219.1
Project("{FAE04EC0-301F-11D3-BF4B-00C04F79EFBC}") = "Ergasia_Final", "Ergasia_Final.csproj", "{799B8050-3F97-48DA-96BE-B6E6EA6967AF}"
EndProject
Global
	GlobalSection(SolutionConfigurationPlatforms) = preSolution
		Debug|Any CPU = Debug|Any CPU
		Release|Any CPU = Release|Any CPU
	EndGlobalSection
	GlobalSection(ProjectConfigurationPlatforms) = postSolution
		{799B8050-3F97-48DA-96BE-B6E6EA6967AF}.Debug|Any CPU.ActiveCfg = Debug|Any CPU
		{799B8050-3F97-48DA-96BE-B6E6EA6967AF}.Debug|Any CPU.Build.0 = Debug|Any CPU
		{799B8050-3F97-48DA-96BE-B6E6EA6967AF}.Release|Any CPU.ActiveCfg = Release|Any CPU
		{799B8050-3F97-48DA-96BE-B6E6EA6967AF}.Release|Any CPU.Build.0 = Release|Any CPU
	EndGlobalSection
	GlobalSection(SolutionProperties) = preSolution
		HideSolutionNode = FALSE
	EndGlobalSection
	GlobalSection(ExtensibilityGlobals) = postSolution
		SolutionGuid = {924C146A-DE05-4BAE-B19F-03DEE1EB5E02}
	EndGlobalSection
EndGlobal
